
Microsoft Visual Studio Solution File, Format Version 12.00
# Visual Studio Version 17
VisualStudioVersion = 17.0.31912.275
MinimumVisualStudioVersion = 10.0.40219.1
Project("{FAE04EC0-301F-11D3-BF4B-00C04F79EFBC}") = "Lab_w_12", "Lab_w_12.csproj", "{21E76316-C75E-4499-A768-DCC742173ADB}"
EndProject
Global
	GlobalSection(SolutionConfigurationPlatforms) = preSolution
		Debug|Any CPU = Debug|Any CPU
		Release|Any CPU = Release|Any CPU
	EndGlobalSection
	GlobalSection(ProjectConfigurationPlatforms) = postSolution
		{21E76316-C75E-4499-A768-DCC742173ADB}.Debug|Any CPU.ActiveCfg = Debug|Any CPU
		{21E76316-C75E-4499-A768-DCC742173ADB}.Debug|Any CPU.Build.0 = Debug|Any CPU
		{21E76316-C75E-4499-A768-DCC742173ADB}.Release|Any CPU.ActiveCfg = Release|Any CPU
		{21E76316-C75E-4499-A768-DCC742173ADB}.Release|Any CPU.Build.0 = Release|Any CPU
	EndGlobalSection
	GlobalSection(SolutionProperties) = preSolution
		HideSolutionNode = FALSE
	EndGlobalSection
	GlobalSection(ExtensibilityGlobals) = postSolution
		SolutionGuid = {E711000B-8437-425B-9A6D-A00D03E2470D}
	EndGlobalSection
EndGlobal
